
Microsoft Visual Studio Solution File, Format Version 12.00
# Visual Studio Version 17
VisualStudioVersion = 17.5.33627.172
MinimumVisualStudioVersion = 10.0.40219.1
Project("{FAE04EC0-301F-11D3-BF4B-00C04F79EFBC}") = "ZaverecnyProjekt", "ZaverecnyProjekt\ZaverecnyProjekt.csproj", "{9D31DFB7-7754-412C-BD01-04F044F3F195}"
EndProject
Global
	GlobalSection(SolutionConfigurationPlatforms) = preSolution
		Debug|Any CPU = Debug|Any CPU
		Release|Any CPU = Release|Any CPU
	EndGlobalSection
	GlobalSection(ProjectConfigurationPlatforms) = postSolution
		{9D31DFB7-7754-412C-BD01-04F044F3F195}.Debug|Any CPU.ActiveCfg = Debug|Any CPU
		{9D31DFB7-7754-412C-BD01-04F044F3F195}.Debug|Any CPU.Build.0 = Debug|Any CPU
		{9D31DFB7-7754-412C-BD01-04F044F3F195}.Release|Any CPU.ActiveCfg = Release|Any CPU
		{9D31DFB7-7754-412C-BD01-04F044F3F195}.Release|Any CPU.Build.0 = Release|Any CPU
	EndGlobalSection
	GlobalSection(SolutionProperties) = preSolution
		HideSolutionNode = FALSE
	EndGlobalSection
	GlobalSection(ExtensibilityGlobals) = postSolution
		SolutionGuid = {2155A335-2B49-4EC2-9475-3B7B33C78B5E}
	EndGlobalSection
EndGlobal
